hash: 664da2cb51a94b03ce80bab7c884e7741f8f58c165d7c689100993ea83ce0a58
updated: 2018-01-20T11:31:56.113063914-05:00
imports:
- name: github.com/fsnotify/fsnotify
  version: c2828203cd70a50dcccfb2761f8b1f8ceef9a8e9
- name: github.com/gorilla/context
  version: 08b5f424b9271eedf6f9f0ce86cb9396ed337a42
- name: github.com/gorilla/mux
  version: c0091a029979286890368b4c7b301261e448e242
- name: github.com/gorilla/securecookie
  version: e59506cc896acb7f7bf732d4fdf5e25f7ccd8983
- name: github.com/gorilla/sessions
  version: fe21b6a095cd8a9d41cc7f412e13d35c130383f3
- name: github.com/gorilla/websocket
  version: 292fd08b2560ad524ee37396253d71570339a821
- name: github.com/hashicorp/hcl
  version: 23c074d0eceb2b8a5bfdbb271ab780cde70f05a8
  subpackages:
  - hcl/ast
  - hcl/parser
  - hcl/printer
  - hcl/scanner
  - hcl/strconv
  - hcl/token
  - json/parser
  - json/scanner
  - json/token
- name: github.com/inconshreveable/mousetrap
  version: 76626ae9c91c4f2a10f34cad8ce83ea42c93bb75
- name: github.com/magiconair/properties
  version: 49d762b9817ba1c2e9d0c69183c2b4a8b8f1d934
- name: github.com/meatballhat/negroni-logrus
  version: 31067281800f66f57548a7a32d9c6c5f963fef83
- name: github.com/mitchellh/mapstructure
  version: b4575eea38cca1123ec2dc90c26529b5c5acfcff
- name: github.com/pelletier/go-toml
  version: acdc4509485b587f5e675510c4f2c63e90ff68a8
- name: github.com/sirupsen/logrus
  version: d682213848ed68c0a260ca37d6dd5ace8423f5ba
- name: github.com/spf13/afero
  version: bb8f1927f2a9d3ab41c9340aa034f6b803f4359c
  subpackages:
  - mem
- name: github.com/spf13/cast
  version: acbeb36b902d72a7a4c18e8f3241075e7ab763e4
- name: github.com/spf13/cobra
  version: 0c34d16c3123764e413b9ed982ada58b1c3d53ea
- name: github.com/spf13/jwalterweatherman
  version: 7c0cea34c8ece3fbeb2b27ab9b59511d360fb394
- name: github.com/spf13/pflag
  version: 4c012f6dcd9546820e378d0bdda4d8fc772cdfea
- name: github.com/spf13/viper
  version: aafc9e6bc7b7bb53ddaa75a5ef49a17d6e654be5
- name: github.com/stretchr/testify
  version: 87b1dfb5b2fa649f52695dd9eae19abe404a4308
  subpackages:
  - assert
- name: github.com/urfave/negroni
  version: ff85fb036d90eda8518001242fcded1024e05c98
- name: golang.org/x/crypto
  version: a6600008915114d9c087fad9f03d75087b1a74df
  subpackages:
  - bcrypt
  - blowfish
  - ssh/terminal
- name: golang.org/x/sys
  version: 2c42eef0765b9837fbdab12011af7830f55f88f0
  subpackages:
  - unix
  - windows
- name: golang.org/x/text
  version: e19ae1496984b1c655b8044a65c0300a3c878dd3
  subpackages:
  - transform
  - unicode/norm
- name: gopkg.in/mgo.v2
  version: 3f83fa5005286a7fe593b055f0d7771a7dce4655
  subpackages:
  - bson
  - internal/json
  - internal/sasl
  - internal/scram
- name: gopkg.in/natefinch/lumberjack.v2
  version: a96e63847dc3c67d17befa69c303767e2f84e54f
- name: gopkg.in/yaml.v2
  version: d670f9405373e636a5a2765eea47fac0c9bc91a4
testImports:
- name: github.com/davecgh/go-spew
  version: ecdeabc65495df2dec95d7c4a4c3e021903035e5
  subpackages:
  - spew
- name: github.com/pmezard/go-difflib
  version: 792786c7400a136282c1664665ae0a8db921c6c2
  subpackages:
  - difflib
